
Microsoft Visual Studio Solution File, Format Version 12.00
# Visual Studio Version 16
VisualStudioVersion = 16.0.29102.190
MinimumVisualStudioVersion = 10.0.40219.1
Project("{FAE04EC0-301F-11D3-BF4B-00C04F79EFBC}") = "Samurai.Domain", "Samurai.Domain\Samurai.Domain.csproj", "{684D5549-A09B-406C-98C2-10DB861A3143}"
EndProject
Project("{FAE04EC0-301F-11D3-BF4B-00C04F79EFBC}") = "Samurai.Data", "Samurai.Data\Samurai.Data.csproj", "{79CC5339-3355-4BD4-AD4B-C4F214D7D2CA}"
EndProject
Project("{FAE04EC0-301F-11D3-BF4B-00C04F79EFBC}") = "Samurai.UI", "Samurai.UI\Samurai.UI.csproj", "{B575C62B-FB11-4077-99D1-7254554C2406}"
EndProject
Global
	GlobalSection(SolutionConfigurationPlatforms) = preSolution
		Debug|Any CPU = Debug|Any CPU
		Release|Any CPU = Release|Any CPU
	EndGlobalSection
	GlobalSection(ProjectConfigurationPlatforms) = postSolution
		{684D5549-A09B-406C-98C2-10DB861A3143}.Debug|Any CPU.ActiveCfg = Debug|Any CPU
		{684D5549-A09B-406C-98C2-10DB861A3143}.Debug|Any CPU.Build.0 = Debug|Any CPU
		{684D5549-A09B-406C-98C2-10DB861A3143}.Release|Any CPU.ActiveCfg = Release|Any CPU
		{684D5549-A09B-406C-98C2-10DB861A3143}.Release|Any CPU.Build.0 = Release|Any CPU
		{79CC5339-3355-4BD4-AD4B-C4F214D7D2CA}.Debug|Any CPU.ActiveCfg = Debug|Any CPU
		{79CC5339-3355-4BD4-AD4B-C4F214D7D2CA}.Debug|Any CPU.Build.0 = Debug|Any CPU
		{79CC5339-3355-4BD4-AD4B-C4F214D7D2CA}.Release|Any CPU.ActiveCfg = Release|Any CPU
		{79CC5339-3355-4BD4-AD4B-C4F214D7D2CA}.Release|Any CPU.Build.0 = Release|Any CPU
		{B575C62B-FB11-4077-99D1-7254554C2406}.Debug|Any CPU.ActiveCfg = Debug|Any CPU
		{B575C62B-FB11-4077-99D1-7254554C2406}.Debug|Any CPU.Build.0 = Debug|Any CPU
		{B575C62B-FB11-4077-99D1-7254554C2406}.Release|Any CPU.ActiveCfg = Release|Any CPU
		{B575C62B-FB11-4077-99D1-7254554C2406}.Release|Any CPU.Build.0 = Release|Any CPU
	EndGlobalSection
	GlobalSection(SolutionProperties) = preSolution
		HideSolutionNode = FALSE
	EndGlobalSection
	GlobalSection(ExtensibilityGlobals) = postSolution
		SolutionGuid = {06AE2601-5D68-4999-A10E-6ADC25EDDB0B}
	EndGlobalSection
EndGlobal
